{
  "originHash" : "6893a102a2224dc55c70ff9691185d40064aa0886c6e193899db8658793901b2",
  "pins" : [
    {
      "identity" : "confettiswiftui",
      "kind" : "remoteSourceControl",
      "location" : "https://github.com/simibac/ConfettiSwiftUI",
      "state" : {
        "revision" : "77ce21c82cc5fa608ac921a0dea09dd85b5432c7",
        "version" : "2.0.2"
      }
    },
    {
      "identity" : "purchases-ios",
      "kind" : "remoteSourceControl",
      "location" : "https://github.com/RevenueCat/purchases-ios/",
      "state" : {
        "revision" : "6e23b9f35228839a2264da96f454965568e2ad35",
        "version" : "5.20.1"
      }
    }
  ],
  "version" : 3
}
